
Microsoft Visual Studio Solution File, Format Version 12.00
# Visual Studio Version 16
VisualStudioVersion = 16.0.30330.147
MinimumVisualStudioVersion = 10.0.40219.1
Project("{8BC9CEB8-8B4A-11D0-8D11-00A0C91BC942}") = "GraphOut", "GraphOut\GraphOut.vcxproj", "{918F4007-1E79-41CE-99B7-10A8F273B375}"
EndProject
Global
	GlobalSection(SolutionConfigurationPlatforms) = preSolution
		Debug|x64 = Debug|x64
		Debug|x86 = Debug|x86
		Release|x64 = Release|x64
		Release|x86 = Release|x86
	EndGlobalSection
	GlobalSection(ProjectConfigurationPlatforms) = postSolution
		{918F4007-1E79-41CE-99B7-10A8F273B375}.Debug|x64.ActiveCfg = Debug|x64
		{918F4007-1E79-41CE-99B7-10A8F273B375}.Debug|x64.Build.0 = Debug|x64
		{918F4007-1E79-41CE-99B7-10A8F273B375}.Debug|x86.ActiveCfg = Debug|Win32
		{918F4007-1E79-41CE-99B7-10A8F273B375}.Debug|x86.Build.0 = Debug|Win32
		{918F4007-1E79-41CE-99B7-10A8F273B375}.Release|x64.ActiveCfg = Release|x64
		{918F4007-1E79-41CE-99B7-10A8F273B375}.Release|x64.Build.0 = Release|x64
		{918F4007-1E79-41CE-99B7-10A8F273B375}.Release|x86.ActiveCfg = Release|Win32
		{918F4007-1E79-41CE-99B7-10A8F273B375}.Release|x86.Build.0 = Release|Win32
	EndGlobalSection
	GlobalSection(SolutionProperties) = preSolution
		HideSolutionNode = FALSE
	EndGlobalSection
	GlobalSection(ExtensibilityGlobals) = postSolution
		SolutionGuid = {F26C4FDC-7B67-4352-A26B-EA90906E2B41}
	EndGlobalSection
EndGlobal
