
Microsoft Visual Studio Solution File, Format Version 12.00
# Visual Studio Version 16
VisualStudioVersion = 16.0.30330.147
MinimumVisualStudioVersion = 10.0.40219.1
Project("{8BC9CEB8-8B4A-11D0-8D11-00A0C91BC942}") = "RandGrp", "RandGrp.vcxproj", "{AB393A6C-A0DF-470D-8A9D-1D01A41062CF}"
EndProject
Global
	GlobalSection(SolutionConfigurationPlatforms) = preSolution
		Debug|x64 = Debug|x64
		Debug|x86 = Debug|x86
		Release|x64 = Release|x64
		Release|x86 = Release|x86
	EndGlobalSection
	GlobalSection(ProjectConfigurationPlatforms) = postSolution
		{AB393A6C-A0DF-470D-8A9D-1D01A41062CF}.Debug|x64.ActiveCfg = Debug|x64
		{AB393A6C-A0DF-470D-8A9D-1D01A41062CF}.Debug|x64.Build.0 = Debug|x64
		{AB393A6C-A0DF-470D-8A9D-1D01A41062CF}.Debug|x86.ActiveCfg = Debug|Win32
		{AB393A6C-A0DF-470D-8A9D-1D01A41062CF}.Debug|x86.Build.0 = Debug|Win32
		{AB393A6C-A0DF-470D-8A9D-1D01A41062CF}.Release|x64.ActiveCfg = Release|x64
		{AB393A6C-A0DF-470D-8A9D-1D01A41062CF}.Release|x64.Build.0 = Release|x64
		{AB393A6C-A0DF-470D-8A9D-1D01A41062CF}.Release|x86.ActiveCfg = Release|Win32
		{AB393A6C-A0DF-470D-8A9D-1D01A41062CF}.Release|x86.Build.0 = Release|Win32
	EndGlobalSection
	GlobalSection(SolutionProperties) = preSolution
		HideSolutionNode = FALSE
	EndGlobalSection
	GlobalSection(ExtensibilityGlobals) = postSolution
		SolutionGuid = {20BA1F00-20E6-4435-93C2-6640F3295888}
	EndGlobalSection
EndGlobal
