
Microsoft Visual Studio Solution File, Format Version 12.00
# Visual Studio Version 16
VisualStudioVersion = 16.0.30330.147
MinimumVisualStudioVersion = 10.0.40219.1
Project("{8BC9CEB8-8B4A-11D0-8D11-00A0C91BC942}") = "Callback2", "Callback2.vcxproj", "{BDCCB1E9-B7AC-4A25-B286-3D1BC6660005}"
EndProject
Global
	GlobalSection(SolutionConfigurationPlatforms) = preSolution
		Debug|x64 = Debug|x64
		Debug|x86 = Debug|x86
		Release|x64 = Release|x64
		Release|x86 = Release|x86
	EndGlobalSection
	GlobalSection(ProjectConfigurationPlatforms) = postSolution
		{BDCCB1E9-B7AC-4A25-B286-3D1BC6660005}.Debug|x64.ActiveCfg = Debug|x64
		{BDCCB1E9-B7AC-4A25-B286-3D1BC6660005}.Debug|x64.Build.0 = Debug|x64
		{BDCCB1E9-B7AC-4A25-B286-3D1BC6660005}.Debug|x86.ActiveCfg = Debug|Win32
		{BDCCB1E9-B7AC-4A25-B286-3D1BC6660005}.Debug|x86.Build.0 = Debug|Win32
		{BDCCB1E9-B7AC-4A25-B286-3D1BC6660005}.Release|x64.ActiveCfg = Release|x64
		{BDCCB1E9-B7AC-4A25-B286-3D1BC6660005}.Release|x64.Build.0 = Release|x64
		{BDCCB1E9-B7AC-4A25-B286-3D1BC6660005}.Release|x86.ActiveCfg = Release|Win32
		{BDCCB1E9-B7AC-4A25-B286-3D1BC6660005}.Release|x86.Build.0 = Release|Win32
	EndGlobalSection
	GlobalSection(SolutionProperties) = preSolution
		HideSolutionNode = FALSE
	EndGlobalSection
	GlobalSection(ExtensibilityGlobals) = postSolution
		SolutionGuid = {99C4FEA6-0603-43F8-9E5C-B9B6A6216ADD}
	EndGlobalSection
EndGlobal
