
Microsoft Visual Studio Solution File, Format Version 12.00
# Visual Studio Version 16
VisualStudioVersion = 16.0.30330.147
MinimumVisualStudioVersion = 10.0.40219.1
Project("{8BC9CEB8-8B4A-11D0-8D11-00A0C91BC942}") = "MyListBox", "MyListBox.vcxproj", "{A6BEA0DC-D348-499F-8CC1-7BB8BF0E3316}"
EndProject
Global
	GlobalSection(SolutionConfigurationPlatforms) = preSolution
		Debug|x64 = Debug|x64
		Debug|x86 = Debug|x86
		Release|x64 = Release|x64
		Release|x86 = Release|x86
	EndGlobalSection
	GlobalSection(ProjectConfigurationPlatforms) = postSolution
		{A6BEA0DC-D348-499F-8CC1-7BB8BF0E3316}.Debug|x64.ActiveCfg = Debug|x64
		{A6BEA0DC-D348-499F-8CC1-7BB8BF0E3316}.Debug|x64.Build.0 = Debug|x64
		{A6BEA0DC-D348-499F-8CC1-7BB8BF0E3316}.Debug|x86.ActiveCfg = Debug|Win32
		{A6BEA0DC-D348-499F-8CC1-7BB8BF0E3316}.Debug|x86.Build.0 = Debug|Win32
		{A6BEA0DC-D348-499F-8CC1-7BB8BF0E3316}.Release|x64.ActiveCfg = Release|x64
		{A6BEA0DC-D348-499F-8CC1-7BB8BF0E3316}.Release|x64.Build.0 = Release|x64
		{A6BEA0DC-D348-499F-8CC1-7BB8BF0E3316}.Release|x86.ActiveCfg = Release|Win32
		{A6BEA0DC-D348-499F-8CC1-7BB8BF0E3316}.Release|x86.Build.0 = Release|Win32
	EndGlobalSection
	GlobalSection(SolutionProperties) = preSolution
		HideSolutionNode = FALSE
	EndGlobalSection
	GlobalSection(ExtensibilityGlobals) = postSolution
		SolutionGuid = {19DCF035-6928-4D9D-BFED-745F8ECDB08E}
	EndGlobalSection
EndGlobal
